
Microsoft Visual Studio Solution File, Format Version 12.00
# Visual Studio Version 17
VisualStudioVersion = 17.3.32922.545
MinimumVisualStudioVersion = 10.0.40219.1
Project("{FAE04EC0-301F-11D3-BF4B-00C04F79EFBC}") = "RES_APIs", "RES_APIs\RES_APIs.csproj", "{DAB335AF-9E65-45F3-AC3E-19419411513E}"
EndProject
Global
	GlobalSection(SolutionConfigurationPlatforms) = preSolution
		Debug|Any CPU = Debug|Any CPU
		Release|Any CPU = Release|Any CPU
	EndGlobalSection
	GlobalSection(ProjectConfigurationPlatforms) = postSolution
		{DAB335AF-9E65-45F3-AC3E-19419411513E}.Debug|Any CPU.ActiveCfg = Debug|Any CPU
		{DAB335AF-9E65-45F3-AC3E-19419411513E}.Debug|Any CPU.Build.0 = Debug|Any CPU
		{DAB335AF-9E65-45F3-AC3E-19419411513E}.Release|Any CPU.ActiveCfg = Release|Any CPU
		{DAB335AF-9E65-45F3-AC3E-19419411513E}.Release|Any CPU.Build.0 = Release|Any CPU
	EndGlobalSection
	GlobalSection(SolutionProperties) = preSolution
		HideSolutionNode = FALSE
	EndGlobalSection
	GlobalSection(ExtensibilityGlobals) = postSolution
		SolutionGuid = {28B4785A-D34B-405B-B64C-5134AD80E8AF}
	EndGlobalSection
EndGlobal
